// !$*UTF8*$!
{
	archiveVersion = 1;
	classes = {
	};
	objectVersion = 46;
	objects = {

/* Begin PBXBuildFile section */
		830C011716172907007BEF28 /* NSString+NSRangeAdditions.m in Sources */ = {isa = PBXBuildFile; fileRef = 830C011616172907007BEF28 /* NSString+NSRangeAdditions.m */; };
		830C011A16173C57007BEF28 /* RUFirmwareUpdater.m in Sources */ = {isa = PBXBuildFile; fileRef = 830C011916173C57007BEF28 /* RUFirmwareUpdater.m */; };
		8317DD621621990E00EDEFF3 /* Quartz.framework in Frameworks */ = {isa = PBXBuildFile; fileRef = 8317DD611621990E00EDEFF3 /* Quartz.framework */; };
		83515AA4161E4301009ADF10 /* dfu-programmer in Resources */ = {isa = PBXBuildFile; fileRef = 83515AA3161E4301009ADF10 /* dfu-programmer */; };
		8356A2C41616603900377E4B /* DiskArbitration.framework in Frameworks */ = {isa = PBXBuildFile; fileRef = 8356A2C31616603900377E4B /* DiskArbitration.framework */; };
		8371684816234E66004D3B10 /* icon.iconset in Resources */ = {isa = PBXBuildFile; fileRef = 8371684716234E66004D3B10 /* icon.iconset */; };
		8371684B16234EB4004D3B10 /* Retrode 2@2x.png in Resources */ = {isa = PBXBuildFile; fileRef = 8371684A16234EB4004D3B10 /* Retrode 2@2x.png */; };
		8371684E16235224004D3B10 /* libusb-1.0.0.dylib in Resources */ = {isa = PBXBuildFile; fileRef = 8371684C162351FB004D3B10 /* libusb-1.0.0.dylib */; };
		8375A20D1615DB4A004FA5AE /* Cocoa.framework in Frameworks */ = {isa = PBXBuildFile; fileRef = 8375A20C1615DB4A004FA5AE /* Cocoa.framework */; };
		8375A2171615DB4A004FA5AE /* InfoPlist.strings in Resources */ = {isa = PBXBuildFile; fileRef = 8375A2151615DB4A004FA5AE /* InfoPlist.strings */; };
		8375A2191615DB4A004FA5AE /* main.m in Sources */ = {isa = PBXBuildFile; fileRef = 8375A2181615DB4A004FA5AE /* main.m */; };
		8375A2201615DB4A004FA5AE /* RUAppDelegate.m in Sources */ = {isa = PBXBuildFile; fileRef = 8375A21F1615DB4A004FA5AE /* RUAppDelegate.m */; };
		8375A2231615DB4A004FA5AE /* MainMenu.xib in Resources */ = {isa = PBXBuildFile; fileRef = 8375A2211615DB4A004FA5AE /* MainMenu.xib */; };
		8375A22B1615DB60004FA5AE /* RURetrodeManager.m in Sources */ = {isa = PBXBuildFile; fileRef = 8375A22A1615DB60004FA5AE /* RURetrodeManager.m */; };
		8375A22E1615DB8C004FA5AE /* RURetrode.m in Sources */ = {isa = PBXBuildFile; fileRef = 8375A22D1615DB8C004FA5AE /* RURetrode.m */; };
		8375A2341615E09E004FA5AE /* IOKit.framework in Frameworks */ = {isa = PBXBuildFile; fileRef = 8375A2331615E09E004FA5AE /* IOKit.framework */; };
		837B69E0161EE649003B93D9 /* RUSplashWindow.m in Sources */ = {isa = PBXBuildFile; fileRef = 837B69DF161EE649003B93D9 /* RUSplashWindow.m */; };
		837B69E4161EEE4F003B93D9 /* Retrode 2.png in Resources */ = {isa = PBXBuildFile; fileRef = 837B69E3161EEE4F003B93D9 /* Retrode 2.png */; };
		8396086B162235E700FE6EDE /* Sparkle.framework in Frameworks */ = {isa = PBXBuildFile; fileRef = 8396086A162235E700FE6EDE /* Sparkle.framework */; };
		8396086D162235EF00FE6EDE /* Sparkle.framework in CopyFiles */ = {isa = PBXBuildFile; fileRef = 8396086A162235E700FE6EDE /* Sparkle.framework */; };
		8396086F1622371000FE6EDE /* dsa_pub.pem in Resources */ = {isa = PBXBuildFile; fileRef = 8396086E1622371000FE6EDE /* dsa_pub.pem */; };
		83B47A1B16230839001C7D13 /* Credits.rtf in Resources */ = {isa = PBXBuildFile; fileRef = 83B47A1A16230839001C7D13 /* Credits.rtf */; };
		83C888891620C919006FF1E0 /* NS(Attributed)String+Geometrics.m in Sources */ = {isa = PBXBuildFile; fileRef = 83C888881620C919006FF1E0 /* NS(Attributed)String+Geometrics.m */; };
/* End PBXBuildFile section */

/* Begin PBXCopyFilesBuildPhase section */
		83515AB0161E5596009ADF10 /* CopyFiles */ = {
			isa = PBXCopyFilesBuildPhase;
			buildActionMask = 2147483647;
			dstPath = "";
			dstSubfolderSpec = 10;
			files = (
				8396086D162235EF00FE6EDE /* Sparkle.framework in CopyFiles */,
			);
			runOnlyForDeploymentPostprocessing = 0;
		};
/* End PBXCopyFilesBuildPhase section */

/* Begin PBXFileReference section */
		830C010E16171D90007BEF28 /* RURetrode_Configuration.h */ = {isa = PBXFileReference; lastKnownFileType = sourcecode.c.h; path = RURetrode_Configuration.h; sourceTree = "<group>"; };
		830C011516172907007BEF28 /* NSString+NSRangeAdditions.h */ = {isa = PBXFileReference; fileEncoding = 4; lastKnownFileType = sourcecode.c.h; path = "NSString+NSRangeAdditions.h"; sourceTree = "<group>"; };
		830C011616172907007BEF28 /* NSString+NSRangeAdditions.m */ = {isa = PBXFileReference; fileEncoding = 4; lastKnownFileType = sourcecode.c.objc; path = "NSString+NSRangeAdditions.m"; sourceTree = "<group>"; };
		830C011816173C57007BEF28 /* RUFirmwareUpdater.h */ = {isa = PBXFileReference; fileEncoding = 4; lastKnownFileType = sourcecode.c.h; path = RUFirmwareUpdater.h; sourceTree = "<group>"; };
		830C011916173C57007BEF28 /* RUFirmwareUpdater.m */ = {isa = PBXFileReference; fileEncoding = 4; lastKnownFileType = sourcecode.c.objc; path = RUFirmwareUpdater.m; sourceTree = "<group>"; };
		8317DD611621990E00EDEFF3 /* Quartz.framework */ = {isa = PBXFileReference; lastKnownFileType = wrapper.framework; name = Quartz.framework; path = System/Library/Frameworks/Quartz.framework; sourceTree = SDKROOT; };
		8331819B161FA6C400C16558 /* RURetrode_ManagerPrivate.h */ = {isa = PBXFileReference; lastKnownFileType = sourcecode.c.h; path = RURetrode_ManagerPrivate.h; sourceTree = "<group>"; };
		83515AA3161E4301009ADF10 /* dfu-programmer */ = {isa = PBXFileReference; lastKnownFileType = "compiled.mach-o.executable"; path = "dfu-programmer"; sourceTree = "<group>"; };
		8356A2C116164B9000377E4B /* RURetrode_IOLevel.h */ = {isa = PBXFileReference; lastKnownFileType = sourcecode.c.h; path = RURetrode_IOLevel.h; sourceTree = "<group>"; };
		8356A2C31616603900377E4B /* DiskArbitration.framework */ = {isa = PBXFileReference; lastKnownFileType = wrapper.framework; name = DiskArbitration.framework; path = System/Library/Frameworks/DiskArbitration.framework; sourceTree = SDKROOT; };
		8371684716234E66004D3B10 /* icon.iconset */ = {isa = PBXFileReference; lastKnownFileType = folder.iconset; path = icon.iconset; sourceTree = "<group>"; };
		8371684A16234EB4004D3B10 /* Retrode 2@2x.png */ = {isa = PBXFileReference; lastKnownFileType = image.png; path = "Retrode 2@2x.png"; sourceTree = "<group>"; };
		8371684C162351FB004D3B10 /* libusb-1.0.0.dylib */ = {isa = PBXFileReference; lastKnownFileType = "compiled.mach-o.dylib"; path = "libusb-1.0.0.dylib"; sourceTree = "<group>"; };
		8375A2081615DB4A004FA5AE /* Retrode Utility.app */ = {isa = PBXFileReference; explicitFileType = wrapper.application; includeInIndex = 0; path = "Retrode Utility.app"; sourceTree = BUILT_PRODUCTS_DIR; };
		8375A20C1615DB4A004FA5AE /* Cocoa.framework */ = {isa = PBXFileReference; lastKnownFileType = wrapper.framework; name = Cocoa.framework; path = System/Library/Frameworks/Cocoa.framework; sourceTree = SDKROOT; };
		8375A20F1615DB4A004FA5AE /* AppKit.framework */ = {isa = PBXFileReference; lastKnownFileType = wrapper.framework; name = AppKit.framework; path = System/Library/Frameworks/AppKit.framework; sourceTree = SDKROOT; };
		8375A2101615DB4A004FA5AE /* CoreData.framework */ = {isa = PBXFileReference; lastKnownFileType = wrapper.framework; name = CoreData.framework; path = System/Library/Frameworks/CoreData.framework; sourceTree = SDKROOT; };
		8375A2111615DB4A004FA5AE /* Foundation.framework */ = {isa = PBXFileReference; lastKnownFileType = wrapper.framework; name = Foundation.framework; path = System/Library/Frameworks/Foundation.framework; sourceTree = SDKROOT; };
		8375A2141615DB4A004FA5AE /* RetrodeUtility-Info.plist */ = {isa = PBXFileReference; lastKnownFileType = text.plist.xml; path = "RetrodeUtility-Info.plist"; sourceTree = "<group>"; };
		8375A2161615DB4A004FA5AE /* en */ = {isa = PBXFileReference; lastKnownFileType = text.plist.strings; name = en; path = en.lproj/InfoPlist.strings; sourceTree = "<group>"; };
		8375A2181615DB4A004FA5AE /* main.m */ = {isa = PBXFileReference; lastKnownFileType = sourcecode.c.objc; path = main.m; sourceTree = "<group>"; };
		8375A21A1615DB4A004FA5AE /* RetrodeUtility-Prefix.pch */ = {isa = PBXFileReference; lastKnownFileType = sourcecode.c.h; path = "RetrodeUtility-Prefix.pch"; sourceTree = "<group>"; };
		8375A21E1615DB4A004FA5AE /* RUAppDelegate.h */ = {isa = PBXFileReference; lastKnownFileType = sourcecode.c.h; path = RUAppDelegate.h; sourceTree = "<group>"; };
		8375A21F1615DB4A004FA5AE /* RUAppDelegate.m */ = {isa = PBXFileReference; lastKnownFileType = sourcecode.c.objc; path = RUAppDelegate.m; sourceTree = "<group>"; };
		8375A2221615DB4A004FA5AE /* en */ = {isa = PBXFileReference; lastKnownFileType = file.xib; name = en; path = en.lproj/MainMenu.xib; sourceTree = "<group>"; };
		8375A2291615DB60004FA5AE /* RURetrodeManager.h */ = {isa = PBXFileReference; fileEncoding = 4; lastKnownFileType = sourcecode.c.h; path = RURetrodeManager.h; sourceTree = "<group>"; };
		8375A22A1615DB60004FA5AE /* RURetrodeManager.m */ = {isa = PBXFileReference; fileEncoding = 4; lastKnownFileType = sourcecode.c.objc; path = RURetrodeManager.m; sourceTree = "<group>"; };
		8375A22C1615DB8C004FA5AE /* RURetrode.h */ = {isa = PBXFileReference; fileEncoding = 4; lastKnownFileType = sourcecode.c.h; path = RURetrode.h; sourceTree = "<group>"; };
		8375A22D1615DB8C004FA5AE /* RURetrode.m */ = {isa = PBXFileReference; fileEncoding = 4; lastKnownFileType = sourcecode.c.objc; path = RURetrode.m; sourceTree = "<group>"; };
		8375A2331615E09E004FA5AE /* IOKit.framework */ = {isa = PBXFileReference; lastKnownFileType = wrapper.framework; name = IOKit.framework; path = System/Library/Frameworks/IOKit.framework; sourceTree = SDKROOT; };
		837B69DE161EE649003B93D9 /* RUSplashWindow.h */ = {isa = PBXFileReference; fileEncoding = 4; lastKnownFileType = sourcecode.c.h; path = RUSplashWindow.h; sourceTree = "<group>"; };
		837B69DF161EE649003B93D9 /* RUSplashWindow.m */ = {isa = PBXFileReference; fileEncoding = 4; lastKnownFileType = sourcecode.c.objc; path = RUSplashWindow.m; sourceTree = "<group>"; };
		837B69E3161EEE4F003B93D9 /* Retrode 2.png */ = {isa = PBXFileReference; lastKnownFileType = image.png; path = "Retrode 2.png"; sourceTree = "<group>"; };
		8396086A162235E700FE6EDE /* Sparkle.framework */ = {isa = PBXFileReference; lastKnownFileType = wrapper.framework; path = Sparkle.framework; sourceTree = "<group>"; };
		8396086E1622371000FE6EDE /* dsa_pub.pem */ = {isa = PBXFileReference; fileEncoding = 4; lastKnownFileType = text; path = dsa_pub.pem; sourceTree = "<group>"; };
		83B47A1A16230839001C7D13 /* Credits.rtf */ = {isa = PBXFileReference; fileEncoding = 4; lastKnownFileType = text.rtf; path = Credits.rtf; sourceTree = "<group>"; };
		83C888871620C919006FF1E0 /* NS(Attributed)String+Geometrics.h */ = {isa = PBXFileReference; fileEncoding = 4; lastKnownFileType = sourcecode.c.h; path = "NS(Attributed)String+Geometrics.h"; sourceTree = "<group>"; };
		83C888881620C919006FF1E0 /* NS(Attributed)String+Geometrics.m */ = {isa = PBXFileReference; fileEncoding = 4; lastKnownFileType = sourcecode.c.objc; path = "NS(Attributed)String+Geometrics.m"; sourceTree = "<group>"; };
/* End PBXFileReference section */

/* Begin PBXFrameworksBuildPhase section */
		8375A2051615DB4A004FA5AE /* Frameworks */ = {
			isa = PBXFrameworksBuildPhase;
			buildActionMask = 2147483647;
			files = (
				8317DD621621990E00EDEFF3 /* Quartz.framework in Frameworks */,
				8356A2C41616603900377E4B /* DiskArbitration.framework in Frameworks */,
				8375A2341615E09E004FA5AE /* IOKit.framework in Frameworks */,
				8375A20D1615DB4A004FA5AE /* Cocoa.framework in Frameworks */,
				8396086B162235E700FE6EDE /* Sparkle.framework in Frameworks */,
			);
			runOnlyForDeploymentPostprocessing = 0;
		};
/* End PBXFrameworksBuildPhase section */

/* Begin PBXGroup section */
		830C0114161728F8007BEF28 /* Utilities */ = {
			isa = PBXGroup;
			children = (
				83C888871620C919006FF1E0 /* NS(Attributed)String+Geometrics.h */,
				83C888881620C919006FF1E0 /* NS(Attributed)String+Geometrics.m */,
				830C011516172907007BEF28 /* NSString+NSRangeAdditions.h */,
				830C011616172907007BEF28 /* NSString+NSRangeAdditions.m */,
			);
			name = Utilities;
			sourceTree = "<group>";
		};
		8375A1FD1615DB4A004FA5AE = {
			isa = PBXGroup;
			children = (
				8375A2121615DB4A004FA5AE /* Retrode Utility */,
				8375A20B1615DB4A004FA5AE /* Frameworks */,
				8375A2091615DB4A004FA5AE /* Products */,
			);
			sourceTree = "<group>";
		};
		8375A2091615DB4A004FA5AE /* Products */ = {
			isa = PBXGroup;
			children = (
				8375A2081615DB4A004FA5AE /* Retrode Utility.app */,
			);
			name = Products;
			sourceTree = "<group>";
		};
		8375A20B1615DB4A004FA5AE /* Frameworks */ = {
			isa = PBXGroup;
			children = (
				8396086A162235E700FE6EDE /* Sparkle.framework */,
				8317DD611621990E00EDEFF3 /* Quartz.framework */,
				8356A2C31616603900377E4B /* DiskArbitration.framework */,
				8375A2331615E09E004FA5AE /* IOKit.framework */,
				8375A20C1615DB4A004FA5AE /* Cocoa.framework */,
				8375A20E1615DB4A004FA5AE /* Other Frameworks */,
			);
			name = Frameworks;
			sourceTree = "<group>";
		};
		8375A20E1615DB4A004FA5AE /* Other Frameworks */ = {
			isa = PBXGroup;
			children = (
				8375A20F1615DB4A004FA5AE /* AppKit.framework */,
				8375A2101615DB4A004FA5AE /* CoreData.framework */,
				8375A2111615DB4A004FA5AE /* Foundation.framework */,
			);
			name = "Other Frameworks";
			sourceTree = "<group>";
		};
		8375A2121615DB4A004FA5AE /* Retrode Utility */ = {
			isa = PBXGroup;
			children = (
				837B69E2161EE825003B93D9 /* Retrode 'Framework' */,
				830C0114161728F8007BEF28 /* Utilities */,
				8375A21E1615DB4A004FA5AE /* RUAppDelegate.h */,
				8375A21F1615DB4A004FA5AE /* RUAppDelegate.m */,
				837B69DE161EE649003B93D9 /* RUSplashWindow.h */,
				837B69DF161EE649003B93D9 /* RUSplashWindow.m */,
				8375A2211615DB4A004FA5AE /* MainMenu.xib */,
				8375A2131615DB4A004FA5AE /* Supporting Files */,
			);
			path = "Retrode Utility";
			sourceTree = "<group>";
		};
		8375A2131615DB4A004FA5AE /* Supporting Files */ = {
			isa = PBXGroup;
			children = (
				8371684C162351FB004D3B10 /* libusb-1.0.0.dylib */,
				8371684A16234EB4004D3B10 /* Retrode 2@2x.png */,
				8371684716234E66004D3B10 /* icon.iconset */,
				83B47A1A16230839001C7D13 /* Credits.rtf */,
				8396086E1622371000FE6EDE /* dsa_pub.pem */,
				837B69E3161EEE4F003B93D9 /* Retrode 2.png */,
				83515AA3161E4301009ADF10 /* dfu-programmer */,
				8375A2141615DB4A004FA5AE /* RetrodeUtility-Info.plist */,
				8375A2151615DB4A004FA5AE /* InfoPlist.strings */,
				8375A2181615DB4A004FA5AE /* main.m */,
				8375A21A1615DB4A004FA5AE /* RetrodeUtility-Prefix.pch */,
			);
			name = "Supporting Files";
			sourceTree = "<group>";
		};
		837B69E2161EE825003B93D9 /* Retrode 'Framework' */ = {
			isa = PBXGroup;
			children = (
				8375A22C1615DB8C004FA5AE /* RURetrode.h */,
				8375A22D1615DB8C004FA5AE /* RURetrode.m */,
				8356A2C116164B9000377E4B /* RURetrode_IOLevel.h */,
				830C010E16171D90007BEF28 /* RURetrode_Configuration.h */,
				8331819B161FA6C400C16558 /* RURetrode_ManagerPrivate.h */,
				8375A2291615DB60004FA5AE /* RURetrodeManager.h */,
				8375A22A1615DB60004FA5AE /* RURetrodeManager.m */,
				830C011816173C57007BEF28 /* RUFirmwareUpdater.h */,
				830C011916173C57007BEF28 /* RUFirmwareUpdater.m */,
			);
			name = "Retrode 'Framework'";
			sourceTree = "<group>";
		};
/* End PBXGroup section */

/* Begin PBXNativeTarget section */
		8375A2071615DB4A004FA5AE /* Retrode Utility */ = {
			isa = PBXNativeTarget;
			buildConfigurationList = 8375A2261615DB4A004FA5AE /* Build configuration list for PBXNativeTarget "Retrode Utility" */;
			buildPhases = (
				8375A2041615DB4A004FA5AE /* Sources */,
				8375A2051615DB4A004FA5AE /* Frameworks */,
				8375A2061615DB4A004FA5AE /* Resources */,
				83515AB0161E5596009ADF10 /* CopyFiles */,
				8371684F1623522C004D3B10 /* Relink DFU-Programmer */,
			);
			buildRules = (
			);
			dependencies = (
			);
			name = "Retrode Utility";
			productName = Retrode;
			productReference = 8375A2081615DB4A004FA5AE /* Retrode Utility.app */;
			productType = "com.apple.product-type.application";
		};
/* End PBXNativeTarget section */

/* Begin PBXProject section */
		8375A1FF1615DB4A004FA5AE /* Project object */ = {
			isa = PBXProject;
			attributes = {
				CLASSPREFIX = RE;
				LastUpgradeCheck = 0450;
				ORGANIZATIONNAME = "Christoph Leimbrock";
			};
			buildConfigurationList = 8375A2021615DB4A004FA5AE /* Build configuration list for PBXProject "Retrode Utility" */;
			compatibilityVersion = "Xcode 3.2";
			developmentRegion = English;
			hasScannedForEncodings = 0;
			knownRegions = (
				en,
			);
			mainGroup = 8375A1FD1615DB4A004FA5AE;
			productRefGroup = 8375A2091615DB4A004FA5AE /* Products */;
			projectDirPath = "";
			projectRoot = "";
			targets = (
				8375A2071615DB4A004FA5AE /* Retrode Utility */,
			);
		};
/* End PBXProject section */

/* Begin PBXResourcesBuildPhase section */
		8375A2061615DB4A004FA5AE /* Resources */ = {
			isa = PBXResourcesBuildPhase;
			buildActionMask = 2147483647;
			files = (
				8371684E16235224004D3B10 /* libusb-1.0.0.dylib in Resources */,
				8375A2171615DB4A004FA5AE /* InfoPlist.strings in Resources */,
				8375A2231615DB4A004FA5AE /* MainMenu.xib in Resources */,
				83515AA4161E4301009ADF10 /* dfu-programmer in Resources */,
				837B69E4161EEE4F003B93D9 /* Retrode 2.png in Resources */,
				8396086F1622371000FE6EDE /* dsa_pub.pem in Resources */,
				83B47A1B16230839001C7D13 /* Credits.rtf in Resources */,
				8371684816234E66004D3B10 /* icon.iconset in Resources */,
				8371684B16234EB4004D3B10 /* Retrode 2@2x.png in Resources */,
			);
			runOnlyForDeploymentPostprocessing = 0;
		};
/* End PBXResourcesBuildPhase section */

/* Begin PBXShellScriptBuildPhase section */
		8371684F1623522C004D3B10 /* Relink DFU-Programmer */ = {
			isa = PBXShellScriptBuildPhase;
			buildActionMask = 2147483647;
			files = (
			);
			inputPaths = (
			);
			name = "Relink DFU-Programmer";
			outputPaths = (
			);
			runOnlyForDeploymentPostprocessing = 0;
			shellPath = /bin/sh;
			shellScript = "ABS_PATH=\"/usr/local/opt/libusb/lib/libusb-1.0.0.dylib\"\nREL_PATH=\"@executable_path/../Resources/libusb-1.0.0.dylib\"\n\ninstall_name_tool -change \"$ABS_PATH\" \"$REL_PATH\" \"$TARGET_BUILD_DIR/$PRODUCT_NAME.$WRAPPER_EXTENSION/Contents/Resources/dfu-programmer\"";
		};
/* End PBXShellScriptBuildPhase section */

/* Begin PBXSourcesBuildPhase section */
		8375A2041615DB4A004FA5AE /* Sources */ = {
			isa = PBXSourcesBuildPhase;
			buildActionMask = 2147483647;
			files = (
				8375A2191615DB4A004FA5AE /* main.m in Sources */,
				8375A2201615DB4A004FA5AE /* RUAppDelegate.m in Sources */,
				8375A22B1615DB60004FA5AE /* RURetrodeManager.m in Sources */,
				8375A22E1615DB8C004FA5AE /* RURetrode.m in Sources */,
				830C011716172907007BEF28 /* NSString+NSRangeAdditions.m in Sources */,
				830C011A16173C57007BEF28 /* RUFirmwareUpdater.m in Sources */,
				837B69E0161EE649003B93D9 /* RUSplashWindow.m in Sources */,
				83C888891620C919006FF1E0 /* NS(Attributed)String+Geometrics.m in Sources */,
			);
			runOnlyForDeploymentPostprocessing = 0;
		};
/* End PBXSourcesBuildPhase section */

/* Begin PBXVariantGroup section */
		8375A2151615DB4A004FA5AE /* InfoPlist.strings */ = {
			isa = PBXVariantGroup;
			children = (
				8375A2161615DB4A004FA5AE /* en */,
			);
			name = InfoPlist.strings;
			sourceTree = "<group>";
		};
		8375A2211615DB4A004FA5AE /* MainMenu.xib */ = {
			isa = PBXVariantGroup;
			children = (
				8375A2221615DB4A004FA5AE /* en */,
			);
			name = MainMenu.xib;
			sourceTree = "<group>";
		};
/* End PBXVariantGroup section */

/* Begin XCBuildConfiguration section */
		8375A2241615DB4A004FA5AE /* Debug */ = {
			isa = XCBuildConfiguration;
			buildSettings = {
				ALWAYS_SEARCH_USER_PATHS = NO;
				ARCHS = "$(ARCHS_STANDARD_64_BIT)";
				CLANG_CXX_LANGUAGE_STANDARD = "gnu++0x";
				CLANG_CXX_LIBRARY = "libc++";
				CLANG_ENABLE_OBJC_ARC = YES;
				CLANG_WARN_EMPTY_BODY = YES;
				CLANG_WARN__DUPLICATE_METHOD_MATCH = YES;
				COPY_PHASE_STRIP = NO;
				GCC_C_LANGUAGE_STANDARD = gnu99;
				GCC_DYNAMIC_NO_PIC = NO;
				GCC_ENABLE_OBJC_EXCEPTIONS = YES;
				GCC_OPTIMIZATION_LEVEL = 0;
				GCC_PREPROCESSOR_DEFINITIONS = (
					"DEBUG=1",
					"$(inherited)",
				);
				GCC_SYMBOLS_PRIVATE_EXTERN = NO;
				GCC_WARN_64_TO_32_BIT_CONVERSION = YES;
				GCC_WARN_ABOUT_RETURN_TYPE = YES;
				GCC_WARN_UNINITIALIZED_AUTOS = YES;
				GCC_WARN_UNUSED_VARIABLE = YES;
				MACOSX_DEPLOYMENT_TARGET = 10.8;
				ONLY_ACTIVE_ARCH = YES;
				SDKROOT = macosx;
			};
			name = Debug;
		};
		8375A2251615DB4A004FA5AE /* Release */ = {
			isa = XCBuildConfiguration;
			buildSettings = {
				ALWAYS_SEARCH_USER_PATHS = NO;
				ARCHS = "$(ARCHS_STANDARD_64_BIT)";
				CLANG_CXX_LANGUAGE_STANDARD = "gnu++0x";
				CLANG_CXX_LIBRARY = "libc++";
				CLANG_ENABLE_OBJC_ARC = YES;
				CLANG_WARN_EMPTY_BODY = YES;
				CLANG_WARN__DUPLICATE_METHOD_MATCH = YES;
				COPY_PHASE_STRIP = YES;
				DEBUG_INFORMATION_FORMAT = "dwarf-with-dsym";
				GCC_C_LANGUAGE_STANDARD = gnu99;
				GCC_ENABLE_OBJC_EXCEPTIONS = YES;
				GCC_WARN_64_TO_32_BIT_CONVERSION = YES;
				GCC_WARN_ABOUT_RETURN_TYPE = YES;
				GCC_WARN_UNINITIALIZED_AUTOS = YES;
				GCC_WARN_UNUSED_VARIABLE = YES;
				MACOSX_DEPLOYMENT_TARGET = 10.8;
				SDKROOT = macosx;
			};
			name = Release;
		};
		8375A2271615DB4A004FA5AE /* Debug */ = {
			isa = XCBuildConfiguration;
			buildSettings = {
				COMBINE_HIDPI_IMAGES = YES;
				FRAMEWORK_SEARCH_PATHS = (
					"$(inherited)",
					"\"$(SRCROOT)\"",
				);
				GCC_PRECOMPILE_PREFIX_HEADER = YES;
				GCC_PREFIX_HEADER = "Retrode Utility/RetrodeUtility-Prefix.pch";
				GCC_PREPROCESSOR_DEFINITIONS = (
					DEBUG_PRINT,
					"$(inherited)",
				);
				INFOPLIST_FILE = "Retrode Utility/RetrodeUtility-Info.plist";
				LIBRARY_SEARCH_PATHS = (
					"$(inherited)",
					"\"$(SRCROOT)/Retrode Utility\"",
				);
				PRODUCT_NAME = "$(TARGET_NAME)";
				SPARKLE_PRIVATE_KEY_PATH = "$PROJECT_DIR/../Signing Tools/dsa_priv.pem";
				SPARKLE_SIGN_UPDATE_SCRIPT = "$PROJECT_DIR/../Signing Tools/sign_update.rb";
				WRAPPER_EXTENSION = app;
			};
			name = Debug;
		};
		8375A2281615DB4A004FA5AE /* Release */ = {
			isa = XCBuildConfiguration;
			buildSettings = {
				COMBINE_HIDPI_IMAGES = YES;
				FRAMEWORK_SEARCH_PATHS = (
					"$(inherited)",
					"\"$(SRCROOT)\"",
				);
				GCC_PRECOMPILE_PREFIX_HEADER = YES;
				GCC_PREFIX_HEADER = "Retrode Utility/RetrodeUtility-Prefix.pch";
				INFOPLIST_FILE = "Retrode Utility/RetrodeUtility-Info.plist";
				LIBRARY_SEARCH_PATHS = (
					"$(inherited)",
					"\"$(SRCROOT)/Retrode Utility\"",
				);
				PRODUCT_NAME = "$(TARGET_NAME)";
				SPARKLE_PRIVATE_KEY_PATH = "$PROJECT_DIR/../Signing Tools/dsa_priv.pem";
				SPARKLE_SIGN_UPDATE_SCRIPT = "$PROJECT_DIR/../Signing Tools/sign_update.rb";
				WRAPPER_EXTENSION = app;
			};
			name = Release;
		};
/* End XCBuildConfiguration section */

/* Begin XCConfigurationList section */
		8375A2021615DB4A004FA5AE /* Build configuration list for PBXProject "Retrode Utility" */ = {
			isa = XCConfigurationList;
			buildConfigurations = (
				8375A2241615DB4A004FA5AE /* Debug */,
				8375A2251615DB4A004FA5AE /* Release */,
			);
			defaultConfigurationIsVisible = 0;
			defaultConfigurationName = Release;
		};
		8375A2261615DB4A004FA5AE /* Build configuration list for PBXNativeTarget "Retrode Utility" */ = {
			isa = XCConfigurationList;
			buildConfigurations = (
				8375A2271615DB4A004FA5AE /* Debug */,
				8375A2281615DB4A004FA5AE /* Release */,
			);
			defaultConfigurationIsVisible = 0;
			defaultConfigurationName = Release;
		};
/* End XCConfigurationList section */
	};
	rootObject = 8375A1FF1615DB4A004FA5AE /* Project object */;
}
